
Microsoft Visual Studio Solution File, Format Version 12.00
# Visual Studio Version 17
VisualStudioVersion = 17.5.33424.131
MinimumVisualStudioVersion = 10.0.40219.1
Project("{FAE04EC0-301F-11D3-BF4B-00C04F79EFBC}") = "coba_linq", "coba_linq\coba_linq.csproj", "{693D6E95-256F-49AB-9FA5-7129AF4B3D74}"
EndProject
Global
	GlobalSection(SolutionConfigurationPlatforms) = preSolution
		Debug|Any CPU = Debug|Any CPU
		Release|Any CPU = Release|Any CPU
	EndGlobalSection
	GlobalSection(ProjectConfigurationPlatforms) = postSolution
		{693D6E95-256F-49AB-9FA5-7129AF4B3D74}.Debug|Any CPU.ActiveCfg = Debug|Any CPU
		{693D6E95-256F-49AB-9FA5-7129AF4B3D74}.Debug|Any CPU.Build.0 = Debug|Any CPU
		{693D6E95-256F-49AB-9FA5-7129AF4B3D74}.Release|Any CPU.ActiveCfg = Release|Any CPU
		{693D6E95-256F-49AB-9FA5-7129AF4B3D74}.Release|Any CPU.Build.0 = Release|Any CPU
	EndGlobalSection
	GlobalSection(SolutionProperties) = preSolution
		HideSolutionNode = FALSE
	EndGlobalSection
	GlobalSection(ExtensibilityGlobals) = postSolution
		SolutionGuid = {1ABE8873-CCD1-4014-A8D2-6B30B6C16B3B}
	EndGlobalSection
EndGlobal
